<?xml version="1.0" encoding="utf-8"?>
<Project ToolsVersion="4.0" xmlns="http://schemas.microsoft.com/developer/msbuild/2003">
  <ItemGroup>
    <Filter Include="Source Files">
      <UniqueIdentifier>{4FC737F1-C7A5-4376-A066-2A32D752A2FF}</UniqueIdentifier>
      <Extensions>cpp;c;cc;cxx;def;odl;idl;hpj;bat;asm;asmx</Extensions>
    </Filter>
    <Filter Include="Header Files">
      <UniqueIdentifier>{93995380-89BD-4b04-88EB-625FBE52EBFB}</UniqueIdentifier>
      <Extensions>h;hh;hpp;hxx;hm;inl;inc;xsd</Extensions>
    </Filter>
    <Filter Include="Resource Files">
      <UniqueIdentifier>{67DA6AB6-F800-4c08-8B7A-83BB121AAD01}</UniqueIdentifier>
      <Extensions>rc;ico;cur;bmp;dlg;rc2;rct;bin;rgs;gif;jpg;jpeg;jpe;resx;tiff;tif;png;wav;mfcribbon-ms</Extensions>
    </Filter>
    <Filter Include="imgui">
      <UniqueIdentifier>{1d8ffd00-84d0-47c0-9a00-4847bbbd459f}</UniqueIdentifier>
    </Filter>
    <Filter Include="GUI">
      <UniqueIdentifier>{2aaa217a-08c7-4aac-8725-13afd15fee67}</UniqueIdentifier>
    </Filter>
    <Filter Include="GL">
      <UniqueIdentifier>{2bfdea6b-332a-4cd8-a5e0-eaf0d6a7bbc9}</UniqueIdentifier>
    </Filter>
    <Filter Include="Body">
      <UniqueIdentifier>{b885c247-77ed-4718-8e31-dee866460bfc}</UniqueIdentifier>
    </Filter>
    <Filter Include="Shaders">
      <UniqueIdentifier>{b121266a-854f-410e-83b4-43ad779c8fd0}</UniqueIdentifier>
    </Filter>
    <Filter Include="Camera">
      <UniqueIdentifier>{4376d355-f9e6-4e95-a1c0-8dd53286a1ec}</UniqueIdentifier>
    </Filter>
    <Filter Include="SpaceShip">
      <UniqueIdentifier>{4d4f743e-1c28-4d94-8256-917ca9e28052}</UniqueIdentifier>
    </Filter>
    <Filter Include="Skybox">
      <UniqueIdentifier>{e9aabf33-1028-4aca-98d0-dccf96d6e4ef}</UniqueIdentifier>
    </Filter>
  </ItemGroup>
  <ItemGroup>
    <ClCompile Include="Main.cpp">
      <Filter>Source Files</Filter>
    </ClCompile>
    <ClCompile Include="glad.c">
      <Filter>Source Files</Filter>
    </ClCompile>
    <ClCompile Include="imgui_impl_glfw.cpp">
      <Filter>Source Files</Filter>
    </ClCompile>
    <ClCompile Include="Includes\imgui\imgui.cpp">
      <Filter>imgui</Filter>
    </ClCompile>
    <ClCompile Include="Includes\imgui\imgui_demo.cpp">
      <Filter>imgui</Filter>
    </ClCompile>
    <ClCompile Include="Includes\imgui\imgui_draw.cpp">
      <Filter>imgui</Filter>
    </ClCompile>
    <ClCompile Include="GUI.cpp">
      <Filter>GUI</Filter>
    </ClCompile>
    <ClCompile Include="Body.cpp">
      <Filter>Body</Filter>
    </ClCompile>
    <ClCompile Include="Sun.cpp">
      <Filter>Body</Filter>
    </ClCompile>
    <ClCompile Include="Planet.cpp">
      <Filter>Body</Filter>
    </ClCompile>
    <ClCompile Include="Mesh.h">
      <Filter>GL</Filter>
    </ClCompile>
    <ClCompile Include="GraphicsLibrary.cpp">
      <Filter>GL</Filter>
    </ClCompile>
    <ClCompile Include="SolarSystem.cpp">
      <Filter>Body</Filter>
    </ClCompile>
    <ClCompile Include="SpaceShip.cpp">
      <Filter>SpaceShip</Filter>
    </ClCompile>
    <ClCompile Include="Skybox.cpp">
      <Filter>Skybox</Filter>
    </ClCompile>
  </ItemGroup>
  <ItemGroup>
    <ClInclude Include="imgui_impl_glfw.h">
      <Filter>Header Files</Filter>
    </ClInclude>
    <ClInclude Include="shader_m.h">
      <Filter>Header Files</Filter>
    </ClInclude>
    <ClInclude Include="stb_image.h">
      <Filter>Header Files</Filter>
    </ClInclude>
    <ClInclude Include="Includes\imgui\imconfig.h">
      <Filter>imgui</Filter>
    </ClInclude>
    <ClInclude Include="Includes\imgui\imgui.h">
      <Filter>imgui</Filter>
    </ClInclude>
    <ClInclude Include="Includes\imgui\imgui_internal.h">
      <Filter>imgui</Filter>
    </ClInclude>
    <ClInclude Include="Includes\imgui\stb_rect_pack.h">
      <Filter>imgui</Filter>
    </ClInclude>
    <ClInclude Include="Includes\imgui\stb_textedit.h">
      <Filter>imgui</Filter>
    </ClInclude>
    <ClInclude Include="Includes\imgui\stb_truetype.h">
      <Filter>imgui</Filter>
    </ClInclude>
    <ClInclude Include="GUI.h">
      <Filter>GUI</Filter>
    </ClInclude>
    <ClInclude Include="Body.h">
      <Filter>Body</Filter>
    </ClInclude>
    <ClInclude Include="Sun.h">
      <Filter>Body</Filter>
    </ClInclude>
    <ClInclude Include="Planet.h">
      <Filter>Body</Filter>
    </ClInclude>
    <ClInclude Include="GraphicsLibrary.h">
      <Filter>GL</Filter>
    </ClInclude>
    <ClInclude Include="Camera.h">
      <Filter>Camera</Filter>
    </ClInclude>
    <ClInclude Include="SolarSystem.h">
      <Filter>Body</Filter>
    </ClInclude>
    <ClInclude Include="SpaceShip.h">
      <Filter>SpaceShip</Filter>
    </ClInclude>
    <ClInclude Include="Skybox.h">
      <Filter>Skybox</Filter>
    </ClInclude>
  </ItemGroup>
  <ItemGroup>
    <None Include="Shaders\gouraud_shading_blinn_phong_lighting.fs">
      <Filter>Shaders</Filter>
    </None>
    <None Include="Shaders\gouraud_shading_blinn_phong_lighting.vs">
      <Filter>Shaders</Filter>
    </None>
    <None Include="Shaders\gouraud_shading_phong_lighting.fs">
      <Filter>Shaders</Filter>
    </None>
    <None Include="Shaders\gouraud_shading_phong_lighting.vs">
      <Filter>Shaders</Filter>
    </None>
    <None Include="Shaders\phong_shading_blinn_phong_lighting.fs">
      <Filter>Shaders</Filter>
    </None>
    <None Include="Shaders\phong_shading_blinn_phong_lighting.vs">
      <Filter>Shaders</Filter>
    </None>
    <None Include="Shaders\phong_shading_phong_lighting.fs">
      <Filter>Shaders</Filter>
    </None>
    <None Include="Shaders\phong_shading_phong_lighting.vs">
      <Filter>Shaders</Filter>
    </None>
    <None Include="Shaders\sun_shader.fs">
      <Filter>Shaders</Filter>
    </None>
    <None Include="Shaders\sun_shader.vs">
      <Filter>Shaders</Filter>
    </None>
    <None Include="skybox.vs" />
    <None Include="skybox.fs" />
    <None Include="Shaders\space_ship_shader.fs">
      <Filter>Shaders</Filter>
    </None>
    <None Include="Shaders\space_ship_shader.vs">
      <Filter>Shaders</Filter>
    </None>
  </ItemGroup>
</Project>